
Microsoft Visual Studio Solution File, Format Version 12.00
# Visual Studio 2013
VisualStudioVersion = 12.0.21005.1
MinimumVisualStudioVersion = 10.0.40219.1
Project("{FAE04EC0-301F-11D3-BF4B-00C04F79EFBC}") = "DefinedContent.Core", "DefinedContent.Core\DefinedContent.Core.csproj", "{CC84AE8D-B9A1-4F95-BD37-34ED9B581B4E}"
EndProject
Project("{FAE04EC0-301F-11D3-BF4B-00C04F79EFBC}") = "DefinedContent.Sandbox", "DefinedContent.Sandbox\DefinedContent.Sandbox.csproj", "{FF3E92A7-F68D-4E3D-AB47-EDB4EBBA8F78}"
EndProject
Global
	GlobalSection(SolutionConfigurationPlatforms) = preSolution
		Debug|Any CPU = Debug|Any CPU
		Release|Any CPU = Release|Any CPU
	EndGlobalSection
	GlobalSection(ProjectConfigurationPlatforms) = postSolution
		{CC84AE8D-B9A1-4F95-BD37-34ED9B581B4E}.Debug|Any CPU.ActiveCfg = Debug|Any CPU
		{CC84AE8D-B9A1-4F95-BD37-34ED9B581B4E}.Debug|Any CPU.Build.0 = Debug|Any CPU
		{CC84AE8D-B9A1-4F95-BD37-34ED9B581B4E}.Release|Any CPU.ActiveCfg = Release|Any CPU
		{CC84AE8D-B9A1-4F95-BD37-34ED9B581B4E}.Release|Any CPU.Build.0 = Release|Any CPU
		{FF3E92A7-F68D-4E3D-AB47-EDB4EBBA8F78}.Debug|Any CPU.ActiveCfg = Debug|Any CPU
		{FF3E92A7-F68D-4E3D-AB47-EDB4EBBA8F78}.Debug|Any CPU.Build.0 = Debug|Any CPU
		{FF3E92A7-F68D-4E3D-AB47-EDB4EBBA8F78}.Release|Any CPU.ActiveCfg = Release|Any CPU
		{FF3E92A7-F68D-4E3D-AB47-EDB4EBBA8F78}.Release|Any CPU.Build.0 = Release|Any CPU
	EndGlobalSection
	GlobalSection(SolutionProperties) = preSolution
		HideSolutionNode = FALSE
	EndGlobalSection
EndGlobal
